
Microsoft Visual Studio Solution File, Format Version 12.00
# Visual Studio 15
VisualStudioVersion = 15.0.28307.902
MinimumVisualStudioVersion = 10.0.40219.1
Project("{FAE04EC0-301F-11D3-BF4B-00C04F79EFBC}") = "Tournament tree", "Tournament tree\Tournament tree.csproj", "{E3E5354E-CA15-49BA-AE6B-F0656DE9ED3B}"
EndProject
Global
	GlobalSection(SolutionConfigurationPlatforms) = preSolution
		Debug|Any CPU = Debug|Any CPU
		Release|Any CPU = Release|Any CPU
	EndGlobalSection
	GlobalSection(ProjectConfigurationPlatforms) = postSolution
		{E3E5354E-CA15-49BA-AE6B-F0656DE9ED3B}.Debug|Any CPU.ActiveCfg = Debug|Any CPU
		{E3E5354E-CA15-49BA-AE6B-F0656DE9ED3B}.Debug|Any CPU.Build.0 = Debug|Any CPU
		{E3E5354E-CA15-49BA-AE6B-F0656DE9ED3B}.Release|Any CPU.ActiveCfg = Release|Any CPU
		{E3E5354E-CA15-49BA-AE6B-F0656DE9ED3B}.Release|Any CPU.Build.0 = Release|Any CPU
	EndGlobalSection
	GlobalSection(SolutionProperties) = preSolution
		HideSolutionNode = FALSE
	EndGlobalSection
	GlobalSection(ExtensibilityGlobals) = postSolution
		SolutionGuid = {247F4C46-EC02-4507-8486-06584BE8138E}
	EndGlobalSection
EndGlobal
